
Microsoft Visual Studio Solution File, Format Version 12.00
# Visual Studio 2013
VisualStudioVersion = 12.0.30501.0
MinimumVisualStudioVersion = 10.0.40219.1
Project("{FAE04EC0-301F-11D3-BF4B-00C04F79EFBC}") = "Weather.Domain", "Weather.Domain\Weather.Domain.csproj", "{431EC2FA-6679-4353-A4D1-C7893D9F91A7}"
EndProject
Project("{FAE04EC0-301F-11D3-BF4B-00C04F79EFBC}") = "Weather.Application", "Weather.Application\Weather.Application.csproj", "{D30D464C-AA0C-4765-806D-0F1AA2318ECE}"
	ProjectSection(ProjectDependencies) = postProject
		{431EC2FA-6679-4353-A4D1-C7893D9F91A7} = {431EC2FA-6679-4353-A4D1-C7893D9F91A7}
	EndProjectSection
EndProject
Global
	GlobalSection(SolutionConfigurationPlatforms) = preSolution
		Debug|Any CPU = Debug|Any CPU
		Release|Any CPU = Release|Any CPU
	EndGlobalSection
	GlobalSection(ProjectConfigurationPlatforms) = postSolution
		{431EC2FA-6679-4353-A4D1-C7893D9F91A7}.Debug|Any CPU.ActiveCfg = Debug|Any CPU
		{431EC2FA-6679-4353-A4D1-C7893D9F91A7}.Debug|Any CPU.Build.0 = Debug|Any CPU
		{431EC2FA-6679-4353-A4D1-C7893D9F91A7}.Release|Any CPU.ActiveCfg = Release|Any CPU
		{431EC2FA-6679-4353-A4D1-C7893D9F91A7}.Release|Any CPU.Build.0 = Release|Any CPU
		{D30D464C-AA0C-4765-806D-0F1AA2318ECE}.Debug|Any CPU.ActiveCfg = Debug|Any CPU
		{D30D464C-AA0C-4765-806D-0F1AA2318ECE}.Debug|Any CPU.Build.0 = Debug|Any CPU
		{D30D464C-AA0C-4765-806D-0F1AA2318ECE}.Release|Any CPU.ActiveCfg = Release|Any CPU
		{D30D464C-AA0C-4765-806D-0F1AA2318ECE}.Release|Any CPU.Build.0 = Release|Any CPU
	EndGlobalSection
	GlobalSection(SolutionProperties) = preSolution
		HideSolutionNode = FALSE
	EndGlobalSection
EndGlobal
